
Microsoft Visual Studio Solution File, Format Version 12.00
# Visual Studio Version 16
VisualStudioVersion = 16.0.31424.327
MinimumVisualStudioVersion = 10.0.40219.1
Project("{FAE04EC0-301F-11D3-BF4B-00C04F79EFBC}") = "CsFormsEB102-Ana", "CsFormsEB102-Ana\CsFormsEB102-Ana.csproj", "{DB28FCB0-DA9C-4669-B982-74FF4C091C71}"
EndProject
Global
	GlobalSection(SolutionConfigurationPlatforms) = preSolution
		Debug|Any CPU = Debug|Any CPU
		Release|Any CPU = Release|Any CPU
	EndGlobalSection
	GlobalSection(ProjectConfigurationPlatforms) = postSolution
		{DB28FCB0-DA9C-4669-B982-74FF4C091C71}.Debug|Any CPU.ActiveCfg = Debug|Any CPU
		{DB28FCB0-DA9C-4669-B982-74FF4C091C71}.Debug|Any CPU.Build.0 = Debug|Any CPU
		{DB28FCB0-DA9C-4669-B982-74FF4C091C71}.Release|Any CPU.ActiveCfg = Release|Any CPU
		{DB28FCB0-DA9C-4669-B982-74FF4C091C71}.Release|Any CPU.Build.0 = Release|Any CPU
	EndGlobalSection
	GlobalSection(SolutionProperties) = preSolution
		HideSolutionNode = FALSE
	EndGlobalSection
	GlobalSection(ExtensibilityGlobals) = postSolution
		SolutionGuid = {842CA366-3CFA-4A00-89D1-EE2D567B67F5}
	EndGlobalSection
EndGlobal
